// !$*UTF8*$!
{
	archiveVersion = 1;
	classes = {
	};
	objectVersion = 50;
	objects = {

/* Begin PBXBuildFile section */
		106461DC243C49D80000C4A9 /* default-countries.json in Resources */ = {isa = PBXBuildFile; fileRef = 106461DB243C49D80000C4A9 /* default-countries.json */; };
		106461DE243C4E660000C4A9 /* WeatherListViewModel.swift in Sources */ = {isa = PBXBuildFile; fileRef = 106461DD243C4E660000C4A9 /* WeatherListViewModel.swift */; };
		106461E2243CB7910000C4A9 /* APIConstants.swift in Sources */ = {isa = PBXBuildFile; fileRef = 106461E1243CB7910000C4A9 /* APIConstants.swift */; };
		106461E6243D6D1E0000C4A9 /* CityTableViewCell.swift in Sources */ = {isa = PBXBuildFile; fileRef = 106461E5243D6D1E0000C4A9 /* CityTableViewCell.swift */; };
		106461EA243D6D840000C4A9 /* CityTableViewCell.xib in Resources */ = {isa = PBXBuildFile; fileRef = 106461E9243D6D840000C4A9 /* CityTableViewCell.xib */; };
		106461ED243DA3A90000C4A9 /* Reuseable.swift in Sources */ = {isa = PBXBuildFile; fileRef = 106461EC243DA3A90000C4A9 /* Reuseable.swift */; };
		106461F0243DA4850000C4A9 /* String+Extension.swift in Sources */ = {isa = PBXBuildFile; fileRef = 106461EF243DA4850000C4A9 /* String+Extension.swift */; };
		106461F4243E07F40000C4A9 /* BaseViewModel.swift in Sources */ = {isa = PBXBuildFile; fileRef = 106461F3243E07F40000C4A9 /* BaseViewModel.swift */; };
		10BB10CA243C0B96001082FE /* AppDelegate.swift in Sources */ = {isa = PBXBuildFile; fileRef = 10BB10C9243C0B96001082FE /* AppDelegate.swift */; };
		10BB10D1243C0B96001082FE /* Weather.storyboard in Resources */ = {isa = PBXBuildFile; fileRef = 10BB10CF243C0B96001082FE /* Weather.storyboard */; };
		10BB10D3243C0B99001082FE /* Assets.xcassets in Resources */ = {isa = PBXBuildFile; fileRef = 10BB10D2243C0B99001082FE /* Assets.xcassets */; };
		10BB10D6243C0B99001082FE /* LaunchScreen.storyboard in Resources */ = {isa = PBXBuildFile; fileRef = 10BB10D4243C0B99001082FE /* LaunchScreen.storyboard */; };
		10BB1104243C1281001082FE /* WeatherListViewController.swift in Sources */ = {isa = PBXBuildFile; fileRef = 10BB1103243C1281001082FE /* WeatherListViewController.swift */; };
		10BB1107243C13A8001082FE /* WeatherApp.xcdatamodeld in Sources */ = {isa = PBXBuildFile; fileRef = 10BB1105243C13A8001082FE /* WeatherApp.xcdatamodeld */; };
		10BB1109243C1428001082FE /* CoreDataManager.swift in Sources */ = {isa = PBXBuildFile; fileRef = 10BB1108243C1428001082FE /* CoreDataManager.swift */; };
		10BB110C243C1D5D001082FE /* NSManagedObject+Extension.swift in Sources */ = {isa = PBXBuildFile; fileRef = 10BB110B243C1D5D001082FE /* NSManagedObject+Extension.swift */; };
		10BB110E243C2F1E001082FE /* Weather.swift in Sources */ = {isa = PBXBuildFile; fileRef = 10BB110D243C2F1E001082FE /* Weather.swift */; };
		10C18FC2243E1BE9005092B6 /* Observable.swift in Sources */ = {isa = PBXBuildFile; fileRef = 10C18FC1243E1BE9005092B6 /* Observable.swift */; };
		E845DB4C2445F1F700273F7A /* URLFactory.swift in Sources */ = {isa = PBXBuildFile; fileRef = E845DB4B2445F1F700273F7A /* URLFactory.swift */; };
		E845DB4E2445F21000273F7A /* WeatherManager.swift in Sources */ = {isa = PBXBuildFile; fileRef = E845DB4D2445F21000273F7A /* WeatherManager.swift */; };
		E845DB522445FD6400273F7A /* AppConstants.swift in Sources */ = {isa = PBXBuildFile; fileRef = E845DB512445FD6400273F7A /* AppConstants.swift */; };
		E845DB5424469A7C00273F7A /* WeatherCoordinator.swift in Sources */ = {isa = PBXBuildFile; fileRef = E845DB5324469A7C00273F7A /* WeatherCoordinator.swift */; };
		E845DB5724469F5D00273F7A /* Storyboard+Extension.swift in Sources */ = {isa = PBXBuildFile; fileRef = E845DB5624469F5D00273F7A /* Storyboard+Extension.swift */; };
		E845DB5924469FC900273F7A /* Double+Extension.swift in Sources */ = {isa = PBXBuildFile; fileRef = E845DB5824469FC900273F7A /* Double+Extension.swift */; };
		E845DB5B2446A3C600273F7A /* city-list.json in Resources */ = {isa = PBXBuildFile; fileRef = E845DB5A2446A3C500273F7A /* city-list.json */; };
		E845DB5D2446A41600273F7A /* City.swift in Sources */ = {isa = PBXBuildFile; fileRef = E845DB5C2446A41600273F7A /* City.swift */; };
		E8496E1324795E99007C7277 /* BaseOperation.swift in Sources */ = {isa = PBXBuildFile; fileRef = E8496E0E24795E99007C7277 /* BaseOperation.swift */; };
		E8496E1424795E99007C7277 /* JSONCoreDataRequestOperation.swift in Sources */ = {isa = PBXBuildFile; fileRef = E8496E0F24795E99007C7277 /* JSONCoreDataRequestOperation.swift */; };
		E8496E1624795E99007C7277 /* QueueManager.swift in Sources */ = {isa = PBXBuildFile; fileRef = E8496E1124795E99007C7277 /* QueueManager.swift */; };
		E8496E1724795E99007C7277 /* WeatherRequestOperation.swift in Sources */ = {isa = PBXBuildFile; fileRef = E8496E1224795E99007C7277 /* WeatherRequestOperation.swift */; };
		E8496E19247AA95F007C7277 /* WeatherDetailViewController.swift in Sources */ = {isa = PBXBuildFile; fileRef = E8496E18247AA95F007C7277 /* WeatherDetailViewController.swift */; };
		E8496E1B247AB02B007C7277 /* WeatherDetailViewModel.swift in Sources */ = {isa = PBXBuildFile; fileRef = E8496E1A247AB02B007C7277 /* WeatherDetailViewModel.swift */; };
		E8496E1D247AC3BB007C7277 /* TitleDescriptionTableViewCell.swift in Sources */ = {isa = PBXBuildFile; fileRef = E8496E1C247AC3BB007C7277 /* TitleDescriptionTableViewCell.swift */; };
		E8496E1F247AC436007C7277 /* TitleDescriptionTableViewCell.xib in Resources */ = {isa = PBXBuildFile; fileRef = E8496E1E247AC436007C7277 /* TitleDescriptionTableViewCell.xib */; };
		E8496E2F247BCFBC007C7277 /* MockURLSession.swift in Sources */ = {isa = PBXBuildFile; fileRef = E8496E22247BCFBC007C7277 /* MockURLSession.swift */; };
		E8496E31247BCFBC007C7277 /* ObservableTests.swift in Sources */ = {isa = PBXBuildFile; fileRef = E8496E27247BCFBC007C7277 /* ObservableTests.swift */; };
		E8496E37247BD341007C7277 /* URLSessionProtocol.swift in Sources */ = {isa = PBXBuildFile; fileRef = E8496E36247BD341007C7277 /* URLSessionProtocol.swift */; };
		E8496E3A247BE1B6007C7277 /* QueueManagerTests.swift in Sources */ = {isa = PBXBuildFile; fileRef = E8496E39247BE1B6007C7277 /* QueueManagerTests.swift */; };
		E8496E40247CA154007C7277 /* Color+Extension.swift in Sources */ = {isa = PBXBuildFile; fileRef = E8496E3F247CA154007C7277 /* Color+Extension.swift */; };
		E8496E80247D330D007C7277 /* Animation.swift in Sources */ = {isa = PBXBuildFile; fileRef = E8496E7F247D330D007C7277 /* Animation.swift */; };
		E8496E84247D3CB1007C7277 /* detail-view.png in Resources */ = {isa = PBXBuildFile; fileRef = E8496E82247D3CB0007C7277 /* detail-view.png */; };
		E8496E85247D3CB1007C7277 /* list-view.png in Resources */ = {isa = PBXBuildFile; fileRef = E8496E83247D3CB0007C7277 /* list-view.png */; };
		E87F54B72446CC4F00204432 /* CitySearchViewController.swift in Sources */ = {isa = PBXBuildFile; fileRef = E87F54B62446CC4F00204432 /* CitySearchViewController.swift */; };
		E87F54B92446CC5B00204432 /* CitySearchViewModel.swift in Sources */ = {isa = PBXBuildFile; fileRef = E87F54B82446CC5B00204432 /* CitySearchViewModel.swift */; };
		E87F54BB2446CFA300204432 /* SearchCityTableViewCell.swift in Sources */ = {isa = PBXBuildFile; fileRef = E87F54BA2446CFA300204432 /* SearchCityTableViewCell.swift */; };
		E87F54BD2446D07E00204432 /* SearchCityTableViewCell.xib in Resources */ = {isa = PBXBuildFile; fileRef = E87F54BC2446D07E00204432 /* SearchCityTableViewCell.xib */; };
/* End PBXBuildFile section */

/* Begin PBXContainerItemProxy section */
		10BB10DD243C0B9A001082FE /* PBXContainerItemProxy */ = {
			isa = PBXContainerItemProxy;
			containerPortal = 10BB10BE243C0B96001082FE /* Project object */;
			proxyType = 1;
			remoteGlobalIDString = 10BB10C5243C0B96001082FE;
			remoteInfo = WeatherApp;
		};
/* End PBXContainerItemProxy section */

/* Begin PBXFileReference section */
		106461DB243C49D80000C4A9 /* default-countries.json */ = {isa = PBXFileReference; lastKnownFileType = text.json; path = "default-countries.json"; sourceTree = "<group>"; };
		106461DD243C4E660000C4A9 /* WeatherListViewModel.swift */ = {isa = PBXFileReference; lastKnownFileType = sourcecode.swift; path = WeatherListViewModel.swift; sourceTree = "<group>"; };
		106461E1243CB7910000C4A9 /* APIConstants.swift */ = {isa = PBXFileReference; lastKnownFileType = sourcecode.swift; path = APIConstants.swift; sourceTree = "<group>"; };
		106461E5243D6D1E0000C4A9 /* CityTableViewCell.swift */ = {isa = PBXFileReference; lastKnownFileType = sourcecode.swift; path = CityTableViewCell.swift; sourceTree = "<group>"; };
		106461E9243D6D840000C4A9 /* CityTableViewCell.xib */ = {isa = PBXFileReference; lastKnownFileType = file.xib; path = CityTableViewCell.xib; sourceTree = "<group>"; };
		106461EC243DA3A90000C4A9 /* Reuseable.swift */ = {isa = PBXFileReference; fileEncoding = 4; lastKnownFileType = sourcecode.swift; path = Reuseable.swift; sourceTree = "<group>"; };
		106461EF243DA4850000C4A9 /* String+Extension.swift */ = {isa = PBXFileReference; lastKnownFileType = sourcecode.swift; path = "String+Extension.swift"; sourceTree = "<group>"; };
		106461F3243E07F40000C4A9 /* BaseViewModel.swift */ = {isa = PBXFileReference; lastKnownFileType = sourcecode.swift; path = BaseViewModel.swift; sourceTree = "<group>"; };
		10BB10C6243C0B96001082FE /* WeatherApp.app */ = {isa = PBXFileReference; explicitFileType = wrapper.application; includeInIndex = 0; path = WeatherApp.app; sourceTree = BUILT_PRODUCTS_DIR; };
		10BB10C9243C0B96001082FE /* AppDelegate.swift */ = {isa = PBXFileReference; lastKnownFileType = sourcecode.swift; path = AppDelegate.swift; sourceTree = "<group>"; };
		10BB10D0243C0B96001082FE /* Base */ = {isa = PBXFileReference; lastKnownFileType = file.storyboard; name = Base; path = Base.lproj/Weather.storyboard; sourceTree = "<group>"; };
		10BB10D2243C0B99001082FE /* Assets.xcassets */ = {isa = PBXFileReference; lastKnownFileType = folder.assetcatalog; path = Assets.xcassets; sourceTree = "<group>"; };
		10BB10D5243C0B99001082FE /* Base */ = {isa = PBXFileReference; lastKnownFileType = file.storyboard; name = Base; path = Base.lproj/LaunchScreen.storyboard; sourceTree = "<group>"; };
		10BB10D7243C0B99001082FE /* Info.plist */ = {isa = PBXFileReference; lastKnownFileType = text.plist.xml; path = Info.plist; sourceTree = "<group>"; };
		10BB10DC243C0B9A001082FE /* WeatherAppTests.xctest */ = {isa = PBXFileReference; explicitFileType = wrapper.cfbundle; includeInIndex = 0; path = WeatherAppTests.xctest; sourceTree = BUILT_PRODUCTS_DIR; };
		10BB10E2243C0B9A001082FE /* Info.plist */ = {isa = PBXFileReference; lastKnownFileType = text.plist.xml; path = Info.plist; sourceTree = "<group>"; };
		10BB1103243C1281001082FE /* WeatherListViewController.swift */ = {isa = PBXFileReference; lastKnownFileType = sourcecode.swift; path = WeatherListViewController.swift; sourceTree = "<group>"; };
		10BB1106243C13A8001082FE /* WeatherApp.xcdatamodel */ = {isa = PBXFileReference; lastKnownFileType = wrapper.xcdatamodel; path = WeatherApp.xcdatamodel; sourceTree = "<group>"; };
		10BB1108243C1428001082FE /* CoreDataManager.swift */ = {isa = PBXFileReference; lastKnownFileType = sourcecode.swift; path = CoreDataManager.swift; sourceTree = "<group>"; };
		10BB110B243C1D5D001082FE /* NSManagedObject+Extension.swift */ = {isa = PBXFileReference; lastKnownFileType = sourcecode.swift; path = "NSManagedObject+Extension.swift"; sourceTree = "<group>"; };
		10BB110D243C2F1E001082FE /* Weather.swift */ = {isa = PBXFileReference; lastKnownFileType = sourcecode.swift; path = Weather.swift; sourceTree = "<group>"; };
		10C18FC1243E1BE9005092B6 /* Observable.swift */ = {isa = PBXFileReference; lastKnownFileType = sourcecode.swift; path = Observable.swift; sourceTree = "<group>"; };
		E845DB4B2445F1F700273F7A /* URLFactory.swift */ = {isa = PBXFileReference; lastKnownFileType = sourcecode.swift; path = URLFactory.swift; sourceTree = "<group>"; };
		E845DB4D2445F21000273F7A /* WeatherManager.swift */ = {isa = PBXFileReference; lastKnownFileType = sourcecode.swift; path = WeatherManager.swift; sourceTree = "<group>"; };
		E845DB512445FD6400273F7A /* AppConstants.swift */ = {isa = PBXFileReference; lastKnownFileType = sourcecode.swift; path = AppConstants.swift; sourceTree = "<group>"; };
		E845DB5324469A7C00273F7A /* WeatherCoordinator.swift */ = {isa = PBXFileReference; lastKnownFileType = sourcecode.swift; path = WeatherCoordinator.swift; sourceTree = "<group>"; };
		E845DB5624469F5D00273F7A /* Storyboard+Extension.swift */ = {isa = PBXFileReference; lastKnownFileType = sourcecode.swift; path = "Storyboard+Extension.swift"; sourceTree = "<group>"; };
		E845DB5824469FC900273F7A /* Double+Extension.swift */ = {isa = PBXFileReference; lastKnownFileType = sourcecode.swift; path = "Double+Extension.swift"; sourceTree = "<group>"; };
		E845DB5A2446A3C500273F7A /* city-list.json */ = {isa = PBXFileReference; fileEncoding = 4; lastKnownFileType = text.json; path = "city-list.json"; sourceTree = "<group>"; };
		E845DB5C2446A41600273F7A /* City.swift */ = {isa = PBXFileReference; lastKnownFileType = sourcecode.swift; path = City.swift; sourceTree = "<group>"; };
		E8496E0E24795E99007C7277 /* BaseOperation.swift */ = {isa = PBXFileReference; fileEncoding = 4; lastKnownFileType = sourcecode.swift; path = BaseOperation.swift; sourceTree = "<group>"; };
		E8496E0F24795E99007C7277 /* JSONCoreDataRequestOperation.swift */ = {isa = PBXFileReference; fileEncoding = 4; lastKnownFileType = sourcecode.swift; path = JSONCoreDataRequestOperation.swift; sourceTree = "<group>"; };
		E8496E1124795E99007C7277 /* QueueManager.swift */ = {isa = PBXFileReference; fileEncoding = 4; lastKnownFileType = sourcecode.swift; path = QueueManager.swift; sourceTree = "<group>"; };
		E8496E1224795E99007C7277 /* WeatherRequestOperation.swift */ = {isa = PBXFileReference; fileEncoding = 4; lastKnownFileType = sourcecode.swift; path = WeatherRequestOperation.swift; sourceTree = "<group>"; };
		E8496E18247AA95F007C7277 /* WeatherDetailViewController.swift */ = {isa = PBXFileReference; lastKnownFileType = sourcecode.swift; path = WeatherDetailViewController.swift; sourceTree = "<group>"; };
		E8496E1A247AB02B007C7277 /* WeatherDetailViewModel.swift */ = {isa = PBXFileReference; lastKnownFileType = sourcecode.swift; path = WeatherDetailViewModel.swift; sourceTree = "<group>"; };
		E8496E1C247AC3BB007C7277 /* TitleDescriptionTableViewCell.swift */ = {isa = PBXFileReference; lastKnownFileType = sourcecode.swift; path = TitleDescriptionTableViewCell.swift; sourceTree = "<group>"; };
		E8496E1E247AC436007C7277 /* TitleDescriptionTableViewCell.xib */ = {isa = PBXFileReference; lastKnownFileType = file.xib; path = TitleDescriptionTableViewCell.xib; sourceTree = "<group>"; };
		E8496E22247BCFBC007C7277 /* MockURLSession.swift */ = {isa = PBXFileReference; fileEncoding = 4; lastKnownFileType = sourcecode.swift; path = MockURLSession.swift; sourceTree = "<group>"; };
		E8496E27247BCFBC007C7277 /* ObservableTests.swift */ = {isa = PBXFileReference; fileEncoding = 4; lastKnownFileType = sourcecode.swift; path = ObservableTests.swift; sourceTree = "<group>"; };
		E8496E36247BD341007C7277 /* URLSessionProtocol.swift */ = {isa = PBXFileReference; fileEncoding = 4; lastKnownFileType = sourcecode.swift; path = URLSessionProtocol.swift; sourceTree = "<group>"; };
		E8496E39247BE1B6007C7277 /* QueueManagerTests.swift */ = {isa = PBXFileReference; fileEncoding = 4; lastKnownFileType = sourcecode.swift; path = QueueManagerTests.swift; sourceTree = "<group>"; };
		E8496E3F247CA154007C7277 /* Color+Extension.swift */ = {isa = PBXFileReference; lastKnownFileType = sourcecode.swift; path = "Color+Extension.swift"; sourceTree = "<group>"; };
		E8496E41247CAF40007C7277 /* README.md */ = {isa = PBXFileReference; lastKnownFileType = net.daringfireball.markdown; path = README.md; sourceTree = "<group>"; };
		E8496E7F247D330D007C7277 /* Animation.swift */ = {isa = PBXFileReference; lastKnownFileType = sourcecode.swift; path = Animation.swift; sourceTree = "<group>"; };
		E8496E82247D3CB0007C7277 /* detail-view.png */ = {isa = PBXFileReference; lastKnownFileType = image.png; path = "detail-view.png"; sourceTree = "<group>"; };
		E8496E83247D3CB0007C7277 /* list-view.png */ = {isa = PBXFileReference; lastKnownFileType = image.png; path = "list-view.png"; sourceTree = "<group>"; };
		E87F54B62446CC4F00204432 /* CitySearchViewController.swift */ = {isa = PBXFileReference; lastKnownFileType = sourcecode.swift; path = CitySearchViewController.swift; sourceTree = "<group>"; };
		E87F54B82446CC5B00204432 /* CitySearchViewModel.swift */ = {isa = PBXFileReference; lastKnownFileType = sourcecode.swift; path = CitySearchViewModel.swift; sourceTree = "<group>"; };
		E87F54BA2446CFA300204432 /* SearchCityTableViewCell.swift */ = {isa = PBXFileReference; lastKnownFileType = sourcecode.swift; path = SearchCityTableViewCell.swift; sourceTree = "<group>"; };
		E87F54BC2446D07E00204432 /* SearchCityTableViewCell.xib */ = {isa = PBXFileReference; lastKnownFileType = file.xib; path = SearchCityTableViewCell.xib; sourceTree = "<group>"; };
/* End PBXFileReference section */

/* Begin PBXFrameworksBuildPhase section */
		10BB10C3243C0B96001082FE /* Frameworks */ = {
			isa = PBXFrameworksBuildPhase;
			buildActionMask = 2147483647;
			files = (
			);
			runOnlyForDeploymentPostprocessing = 0;
		};
		10BB10D9243C0B9A001082FE /* Frameworks */ = {
			isa = PBXFrameworksBuildPhase;
			buildActionMask = 2147483647;
			files = (
			);
			runOnlyForDeploymentPostprocessing = 0;
		};
/* End PBXFrameworksBuildPhase section */

/* Begin PBXGroup section */
		106461EB243DA3A90000C4A9 /* UIKit */ = {
			isa = PBXGroup;
			children = (
				106461EC243DA3A90000C4A9 /* Reuseable.swift */,
				E845DB5624469F5D00273F7A /* Storyboard+Extension.swift */,
			);
			path = UIKit;
			sourceTree = "<group>";
		};
		106461EE243DA4720000C4A9 /* Foundation */ = {
			isa = PBXGroup;
			children = (
				106461EF243DA4850000C4A9 /* String+Extension.swift */,
				E845DB5824469FC900273F7A /* Double+Extension.swift */,
				E8496E3F247CA154007C7277 /* Color+Extension.swift */,
			);
			path = Foundation;
			sourceTree = "<group>";
		};
		10BB10BD243C0B96001082FE = {
			isa = PBXGroup;
			children = (
				E8496E41247CAF40007C7277 /* README.md */,
				E8496E81247D3CB0007C7277 /* screenshot */,
				10BB10C8243C0B96001082FE /* WeatherApp */,
				10BB10DF243C0B9A001082FE /* WeatherAppTests */,
				10BB10C7243C0B96001082FE /* Products */,
			);
			sourceTree = "<group>";
		};
		10BB10C7243C0B96001082FE /* Products */ = {
			isa = PBXGroup;
			children = (
				10BB10C6243C0B96001082FE /* WeatherApp.app */,
				10BB10DC243C0B9A001082FE /* WeatherAppTests.xctest */,
			);
			name = Products;
			sourceTree = "<group>";
		};
		10BB10C8243C0B96001082FE /* WeatherApp */ = {
			isa = PBXGroup;
			children = (
				10BB10C9243C0B96001082FE /* AppDelegate.swift */,
				E845DB512445FD6400273F7A /* AppConstants.swift */,
				E8496E7E247D3301007C7277 /* Utils */,
				10BB10FF243C125D001082FE /* Data */,
				10BB10FA243C125D001082FE /* Extension */,
				10BB10FB243C125D001082FE /* View */,
				10BB10CF243C0B96001082FE /* Weather.storyboard */,
				10BB10D2243C0B99001082FE /* Assets.xcassets */,
				10BB10D4243C0B99001082FE /* LaunchScreen.storyboard */,
				10BB10D7243C0B99001082FE /* Info.plist */,
			);
			path = WeatherApp;
			sourceTree = "<group>";
		};
		10BB10DF243C0B9A001082FE /* WeatherAppTests */ = {
			isa = PBXGroup;
			children = (
				E8496E26247BCFBC007C7277 /* Data */,
				E8496E20247BCFBC007C7277 /* Mock */,
				10BB10E2243C0B9A001082FE /* Info.plist */,
			);
			path = WeatherAppTests;
			sourceTree = "<group>";
		};
		10BB10FA243C125D001082FE /* Extension */ = {
			isa = PBXGroup;
			children = (
				106461EE243DA4720000C4A9 /* Foundation */,
				106461EB243DA3A90000C4A9 /* UIKit */,
				10BB110A243C192D001082FE /* Data */,
			);
			path = Extension;
			sourceTree = "<group>";
		};
		10BB10FB243C125D001082FE /* View */ = {
			isa = PBXGroup;
			children = (
				10BB10FC243C125D001082FE /* Controller */,
				10BB10FD243C125D001082FE /* UIComponent */,
			);
			path = View;
			sourceTree = "<group>";
		};
		10BB10FC243C125D001082FE /* Controller */ = {
			isa = PBXGroup;
			children = (
				E845DB5324469A7C00273F7A /* WeatherCoordinator.swift */,
				10BB1103243C1281001082FE /* WeatherListViewController.swift */,
				106461DD243C4E660000C4A9 /* WeatherListViewModel.swift */,
				E87F54B62446CC4F00204432 /* CitySearchViewController.swift */,
				E87F54B82446CC5B00204432 /* CitySearchViewModel.swift */,
				E8496E18247AA95F007C7277 /* WeatherDetailViewController.swift */,
				E8496E1A247AB02B007C7277 /* WeatherDetailViewModel.swift */,
			);
			path = Controller;
			sourceTree = "<group>";
		};
		10BB10FD243C125D001082FE /* UIComponent */ = {
			isa = PBXGroup;
			children = (
				106461F3243E07F40000C4A9 /* BaseViewModel.swift */,
				106461E5243D6D1E0000C4A9 /* CityTableViewCell.swift */,
				106461E9243D6D840000C4A9 /* CityTableViewCell.xib */,
				E87F54BA2446CFA300204432 /* SearchCityTableViewCell.swift */,
				E87F54BC2446D07E00204432 /* SearchCityTableViewCell.xib */,
				E8496E1C247AC3BB007C7277 /* TitleDescriptionTableViewCell.swift */,
				E8496E1E247AC436007C7277 /* TitleDescriptionTableViewCell.xib */,
			);
			path = UIComponent;
			sourceTree = "<group>";
		};
		10BB10FF243C125D001082FE /* Data */ = {
			isa = PBXGroup;
			children = (
				10BB1100243C125D001082FE /* Database */,
				10BB1101243C125D001082FE /* Model */,
				10BB1102243C125D001082FE /* Service */,
			);
			path = Data;
			sourceTree = "<group>";
		};
		10BB1100243C125D001082FE /* Database */ = {
			isa = PBXGroup;
			children = (
				10BB1105243C13A8001082FE /* WeatherApp.xcdatamodeld */,
				10BB1108243C1428001082FE /* CoreDataManager.swift */,
				106461DB243C49D80000C4A9 /* default-countries.json */,
				E845DB5A2446A3C500273F7A /* city-list.json */,
			);
			path = Database;
			sourceTree = "<group>";
		};
		10BB1101243C125D001082FE /* Model */ = {
			isa = PBXGroup;
			children = (
				10BB110D243C2F1E001082FE /* Weather.swift */,
				E845DB5C2446A41600273F7A /* City.swift */,
			);
			path = Model;
			sourceTree = "<group>";
		};
		10BB1102243C125D001082FE /* Service */ = {
			isa = PBXGroup;
			children = (
				106461E1243CB7910000C4A9 /* APIConstants.swift */,
				10C18FC1243E1BE9005092B6 /* Observable.swift */,
				E8496E36247BD341007C7277 /* URLSessionProtocol.swift */,
				E845DB4B2445F1F700273F7A /* URLFactory.swift */,
				E845DB4D2445F21000273F7A /* WeatherManager.swift */,
				E8496E0D24795E99007C7277 /* Operation */,
			);
			path = Service;
			sourceTree = "<group>";
		};
		10BB110A243C192D001082FE /* Data */ = {
			isa = PBXGroup;
			children = (
				10BB110B243C1D5D001082FE /* NSManagedObject+Extension.swift */,
			);
			path = Data;
			sourceTree = "<group>";
		};
		E8496E0D24795E99007C7277 /* Operation */ = {
			isa = PBXGroup;
			children = (
				E8496E0E24795E99007C7277 /* BaseOperation.swift */,
				E8496E1124795E99007C7277 /* QueueManager.swift */,
				E8496E0F24795E99007C7277 /* JSONCoreDataRequestOperation.swift */,
				E8496E1224795E99007C7277 /* WeatherRequestOperation.swift */,
			);
			path = Operation;
			sourceTree = "<group>";
		};
		E8496E20247BCFBC007C7277 /* Mock */ = {
			isa = PBXGroup;
			children = (
				E8496E22247BCFBC007C7277 /* MockURLSession.swift */,
			);
			path = Mock;
			sourceTree = "<group>";
		};
		E8496E26247BCFBC007C7277 /* Data */ = {
			isa = PBXGroup;
			children = (
				E8496E27247BCFBC007C7277 /* ObservableTests.swift */,
				E8496E2C247BCFBC007C7277 /* Service */,
			);
			path = Data;
			sourceTree = "<group>";
		};
		E8496E2C247BCFBC007C7277 /* Service */ = {
			isa = PBXGroup;
			children = (
				E8496E38247BE1B6007C7277 /* Operation */,
			);
			path = Service;
			sourceTree = "<group>";
		};
		E8496E38247BE1B6007C7277 /* Operation */ = {
			isa = PBXGroup;
			children = (
				E8496E39247BE1B6007C7277 /* QueueManagerTests.swift */,
			);
			path = Operation;
			sourceTree = "<group>";
		};
		E8496E7E247D3301007C7277 /* Utils */ = {
			isa = PBXGroup;
			children = (
				E8496E7F247D330D007C7277 /* Animation.swift */,
			);
			path = Utils;
			sourceTree = "<group>";
		};
		E8496E81247D3CB0007C7277 /* screenshot */ = {
			isa = PBXGroup;
			children = (
				E8496E82247D3CB0007C7277 /* detail-view.png */,
				E8496E83247D3CB0007C7277 /* list-view.png */,
			);
			path = screenshot;
			sourceTree = "<group>";
		};
/* End PBXGroup section */

/* Begin PBXNativeTarget section */
		10BB10C5243C0B96001082FE /* WeatherApp */ = {
			isa = PBXNativeTarget;
			buildConfigurationList = 10BB10F0243C0B9A001082FE /* Build configuration list for PBXNativeTarget "WeatherApp" */;
			buildPhases = (
				10BB10C2243C0B96001082FE /* Sources */,
				10BB10C3243C0B96001082FE /* Frameworks */,
				10BB10C4243C0B96001082FE /* Resources */,
			);
			buildRules = (
			);
			dependencies = (
			);
			name = WeatherApp;
			productName = WeatherApp;
			productReference = 10BB10C6243C0B96001082FE /* WeatherApp.app */;
			productType = "com.apple.product-type.application";
		};
		10BB10DB243C0B9A001082FE /* WeatherAppTests */ = {
			isa = PBXNativeTarget;
			buildConfigurationList = 10BB10F3243C0B9A001082FE /* Build configuration list for PBXNativeTarget "WeatherAppTests" */;
			buildPhases = (
				10BB10D8243C0B9A001082FE /* Sources */,
				10BB10D9243C0B9A001082FE /* Frameworks */,
				10BB10DA243C0B9A001082FE /* Resources */,
			);
			buildRules = (
			);
			dependencies = (
				10BB10DE243C0B9A001082FE /* PBXTargetDependency */,
			);
			name = WeatherAppTests;
			productName = WeatherAppTests;
			productReference = 10BB10DC243C0B9A001082FE /* WeatherAppTests.xctest */;
			productType = "com.apple.product-type.bundle.unit-test";
		};
/* End PBXNativeTarget section */

/* Begin PBXProject section */
		10BB10BE243C0B96001082FE /* Project object */ = {
			isa = PBXProject;
			attributes = {
				LastSwiftUpdateCheck = 1140;
				LastUpgradeCheck = 1140;
				ORGANIZATIONNAME = "Hai Le";
				TargetAttributes = {
					10BB10C5243C0B96001082FE = {
						CreatedOnToolsVersion = 11.4;
					};
					10BB10DB243C0B9A001082FE = {
						CreatedOnToolsVersion = 11.4;
						TestTargetID = 10BB10C5243C0B96001082FE;
					};
				};
			};
			buildConfigurationList = 10BB10C1243C0B96001082FE /* Build configuration list for PBXProject "WeatherApp" */;
			compatibilityVersion = "Xcode 9.3";
			developmentRegion = en;
			hasScannedForEncodings = 0;
			knownRegions = (
				en,
				Base,
			);
			mainGroup = 10BB10BD243C0B96001082FE;
			productRefGroup = 10BB10C7243C0B96001082FE /* Products */;
			projectDirPath = "";
			projectRoot = "";
			targets = (
				10BB10C5243C0B96001082FE /* WeatherApp */,
				10BB10DB243C0B9A001082FE /* WeatherAppTests */,
			);
		};
/* End PBXProject section */

/* Begin PBXResourcesBuildPhase section */
		10BB10C4243C0B96001082FE /* Resources */ = {
			isa = PBXResourcesBuildPhase;
			buildActionMask = 2147483647;
			files = (
				E8496E85247D3CB1007C7277 /* list-view.png in Resources */,
				106461EA243D6D840000C4A9 /* CityTableViewCell.xib in Resources */,
				E8496E84247D3CB1007C7277 /* detail-view.png in Resources */,
				E8496E1F247AC436007C7277 /* TitleDescriptionTableViewCell.xib in Resources */,
				106461DC243C49D80000C4A9 /* default-countries.json in Resources */,
				10BB10D6243C0B99001082FE /* LaunchScreen.storyboard in Resources */,
				10BB10D3243C0B99001082FE /* Assets.xcassets in Resources */,
				E87F54BD2446D07E00204432 /* SearchCityTableViewCell.xib in Resources */,
				E845DB5B2446A3C600273F7A /* city-list.json in Resources */,
				10BB10D1243C0B96001082FE /* Weather.storyboard in Resources */,
			);
			runOnlyForDeploymentPostprocessing = 0;
		};
		10BB10DA243C0B9A001082FE /* Resources */ = {
			isa = PBXResourcesBuildPhase;
			buildActionMask = 2147483647;
			files = (
			);
			runOnlyForDeploymentPostprocessing = 0;
		};
/* End PBXResourcesBuildPhase section */

/* Begin PBXSourcesBuildPhase section */
		10BB10C2243C0B96001082FE /* Sources */ = {
			isa = PBXSourcesBuildPhase;
			buildActionMask = 2147483647;
			files = (
				10C18FC2243E1BE9005092B6 /* Observable.swift in Sources */,
				10BB1107243C13A8001082FE /* WeatherApp.xcdatamodeld in Sources */,
				E845DB4E2445F21000273F7A /* WeatherManager.swift in Sources */,
				10BB10CA243C0B96001082FE /* AppDelegate.swift in Sources */,
				E845DB5D2446A41600273F7A /* City.swift in Sources */,
				E87F54BB2446CFA300204432 /* SearchCityTableViewCell.swift in Sources */,
				10BB110C243C1D5D001082FE /* NSManagedObject+Extension.swift in Sources */,
				106461DE243C4E660000C4A9 /* WeatherListViewModel.swift in Sources */,
				E845DB4C2445F1F700273F7A /* URLFactory.swift in Sources */,
				E845DB5724469F5D00273F7A /* Storyboard+Extension.swift in Sources */,
				106461E2243CB7910000C4A9 /* APIConstants.swift in Sources */,
				E87F54B92446CC5B00204432 /* CitySearchViewModel.swift in Sources */,
				106461F0243DA4850000C4A9 /* String+Extension.swift in Sources */,
				106461ED243DA3A90000C4A9 /* Reuseable.swift in Sources */,
				E8496E1D247AC3BB007C7277 /* TitleDescriptionTableViewCell.swift in Sources */,
				E87F54B72446CC4F00204432 /* CitySearchViewController.swift in Sources */,
				E845DB522445FD6400273F7A /* AppConstants.swift in Sources */,
				10BB1109243C1428001082FE /* CoreDataManager.swift in Sources */,
				E8496E1624795E99007C7277 /* QueueManager.swift in Sources */,
				E845DB5924469FC900273F7A /* Double+Extension.swift in Sources */,
				E8496E1324795E99007C7277 /* BaseOperation.swift in Sources */,
				E845DB5424469A7C00273F7A /* WeatherCoordinator.swift in Sources */,
				E8496E80247D330D007C7277 /* Animation.swift in Sources */,
				E8496E1724795E99007C7277 /* WeatherRequestOperation.swift in Sources */,
				E8496E40247CA154007C7277 /* Color+Extension.swift in Sources */,
				10BB110E243C2F1E001082FE /* Weather.swift in Sources */,
				E8496E1424795E99007C7277 /* JSONCoreDataRequestOperation.swift in Sources */,
				106461F4243E07F40000C4A9 /* BaseViewModel.swift in Sources */,
				E8496E1B247AB02B007C7277 /* WeatherDetailViewModel.swift in Sources */,
				E8496E37247BD341007C7277 /* URLSessionProtocol.swift in Sources */,
				E8496E19247AA95F007C7277 /* WeatherDetailViewController.swift in Sources */,
				10BB1104243C1281001082FE /* WeatherListViewController.swift in Sources */,
				106461E6243D6D1E0000C4A9 /* CityTableViewCell.swift in Sources */,
			);
			runOnlyForDeploymentPostprocessing = 0;
		};
		10BB10D8243C0B9A001082FE /* Sources */ = {
			isa = PBXSourcesBuildPhase;
			buildActionMask = 2147483647;
			files = (
				E8496E31247BCFBC007C7277 /* ObservableTests.swift in Sources */,
				E8496E2F247BCFBC007C7277 /* MockURLSession.swift in Sources */,
				E8496E3A247BE1B6007C7277 /* QueueManagerTests.swift in Sources */,
			);
			runOnlyForDeploymentPostprocessing = 0;
		};
/* End PBXSourcesBuildPhase section */

/* Begin PBXTargetDependency section */
		10BB10DE243C0B9A001082FE /* PBXTargetDependency */ = {
			isa = PBXTargetDependency;
			target = 10BB10C5243C0B96001082FE /* WeatherApp */;
			targetProxy = 10BB10DD243C0B9A001082FE /* PBXContainerItemProxy */;
		};
/* End PBXTargetDependency section */

/* Begin PBXVariantGroup section */
		10BB10CF243C0B96001082FE /* Weather.storyboard */ = {
			isa = PBXVariantGroup;
			children = (
				10BB10D0243C0B96001082FE /* Base */,
			);
			name = Weather.storyboard;
			sourceTree = "<group>";
		};
		10BB10D4243C0B99001082FE /* LaunchScreen.storyboard */ = {
			isa = PBXVariantGroup;
			children = (
				10BB10D5243C0B99001082FE /* Base */,
			);
			name = LaunchScreen.storyboard;
			sourceTree = "<group>";
		};
/* End PBXVariantGroup section */

/* Begin XCBuildConfiguration section */
		10BB10EE243C0B9A001082FE /* Debug */ = {
			isa = XCBuildConfiguration;
			buildSettings = {
				ALWAYS_SEARCH_USER_PATHS = NO;
				CLANG_ANALYZER_NONNULL = YES;
				CLANG_ANALYZER_NUMBER_OBJECT_CONVERSION = YES_AGGRESSIVE;
				CLANG_CXX_LANGUAGE_STANDARD = "gnu++14";
				CLANG_CXX_LIBRARY = "libc++";
				CLANG_ENABLE_MODULES = YES;
				CLANG_ENABLE_OBJC_ARC = YES;
				CLANG_ENABLE_OBJC_WEAK = YES;
				CLANG_WARN_BLOCK_CAPTURE_AUTORELEASING = YES;
				CLANG_WARN_BOOL_CONVERSION = YES;
				CLANG_WARN_COMMA = YES;
				CLANG_WARN_CONSTANT_CONVERSION = YES;
				CLANG_WARN_DEPRECATED_OBJC_IMPLEMENTATIONS = YES;
				CLANG_WARN_DIRECT_OBJC_ISA_USAGE = YES_ERROR;
				CLANG_WARN_DOCUMENTATION_COMMENTS = YES;
				CLANG_WARN_EMPTY_BODY = YES;
				CLANG_WARN_ENUM_CONVERSION = YES;
				CLANG_WARN_INFINITE_RECURSION = YES;
				CLANG_WARN_INT_CONVERSION = YES;
				CLANG_WARN_NON_LITERAL_NULL_CONVERSION = YES;
				CLANG_WARN_OBJC_IMPLICIT_RETAIN_SELF = YES;
				CLANG_WARN_OBJC_LITERAL_CONVERSION = YES;
				CLANG_WARN_OBJC_ROOT_CLASS = YES_ERROR;
				CLANG_WARN_RANGE_LOOP_ANALYSIS = YES;
				CLANG_WARN_STRICT_PROTOTYPES = YES;
				CLANG_WARN_SUSPICIOUS_MOVE = YES;
				CLANG_WARN_UNGUARDED_AVAILABILITY = YES_AGGRESSIVE;
				CLANG_WARN_UNREACHABLE_CODE = YES;
				CLANG_WARN__DUPLICATE_METHOD_MATCH = YES;
				COPY_PHASE_STRIP = NO;
				DEBUG_INFORMATION_FORMAT = dwarf;
				ENABLE_STRICT_OBJC_MSGSEND = YES;
				ENABLE_TESTABILITY = YES;
				GCC_C_LANGUAGE_STANDARD = gnu11;
				GCC_DYNAMIC_NO_PIC = NO;
				GCC_NO_COMMON_BLOCKS = YES;
				GCC_OPTIMIZATION_LEVEL = 0;
				GCC_PREPROCESSOR_DEFINITIONS = (
					"DEBUG=1",
					"$(inherited)",
				);
				GCC_WARN_64_TO_32_BIT_CONVERSION = YES;
				GCC_WARN_ABOUT_RETURN_TYPE = YES_ERROR;
				GCC_WARN_UNDECLARED_SELECTOR = YES;
				GCC_WARN_UNINITIALIZED_AUTOS = YES_AGGRESSIVE;
				GCC_WARN_UNUSED_FUNCTION = YES;
				GCC_WARN_UNUSED_VARIABLE = YES;
				IPHONEOS_DEPLOYMENT_TARGET = 13.4;
				MTL_ENABLE_DEBUG_INFO = INCLUDE_SOURCE;
				MTL_FAST_MATH = YES;
				ONLY_ACTIVE_ARCH = YES;
				SDKROOT = iphoneos;
				SWIFT_ACTIVE_COMPILATION_CONDITIONS = DEBUG;
				SWIFT_OPTIMIZATION_LEVEL = "-Onone";
			};
			name = Debug;
		};
		10BB10EF243C0B9A001082FE /* Release */ = {
			isa = XCBuildConfiguration;
			buildSettings = {
				ALWAYS_SEARCH_USER_PATHS = NO;
				CLANG_ANALYZER_NONNULL = YES;
				CLANG_ANALYZER_NUMBER_OBJECT_CONVERSION = YES_AGGRESSIVE;
				CLANG_CXX_LANGUAGE_STANDARD = "gnu++14";
				CLANG_CXX_LIBRARY = "libc++";
				CLANG_ENABLE_MODULES = YES;
				CLANG_ENABLE_OBJC_ARC = YES;
				CLANG_ENABLE_OBJC_WEAK = YES;
				CLANG_WARN_BLOCK_CAPTURE_AUTORELEASING = YES;
				CLANG_WARN_BOOL_CONVERSION = YES;
				CLANG_WARN_COMMA = YES;
				CLANG_WARN_CONSTANT_CONVERSION = YES;
				CLANG_WARN_DEPRECATED_OBJC_IMPLEMENTATIONS = YES;
				CLANG_WARN_DIRECT_OBJC_ISA_USAGE = YES_ERROR;
				CLANG_WARN_DOCUMENTATION_COMMENTS = YES;
				CLANG_WARN_EMPTY_BODY = YES;
				CLANG_WARN_ENUM_CONVERSION = YES;
				CLANG_WARN_INFINITE_RECURSION = YES;
				CLANG_WARN_INT_CONVERSION = YES;
				CLANG_WARN_NON_LITERAL_NULL_CONVERSION = YES;
				CLANG_WARN_OBJC_IMPLICIT_RETAIN_SELF = YES;
				CLANG_WARN_OBJC_LITERAL_CONVERSION = YES;
				CLANG_WARN_OBJC_ROOT_CLASS = YES_ERROR;
				CLANG_WARN_RANGE_LOOP_ANALYSIS = YES;
				CLANG_WARN_STRICT_PROTOTYPES = YES;
				CLANG_WARN_SUSPICIOUS_MOVE = YES;
				CLANG_WARN_UNGUARDED_AVAILABILITY = YES_AGGRESSIVE;
				CLANG_WARN_UNREACHABLE_CODE = YES;
				CLANG_WARN__DUPLICATE_METHOD_MATCH = YES;
				COPY_PHASE_STRIP = NO;
				DEBUG_INFORMATION_FORMAT = "dwarf-with-dsym";
				ENABLE_NS_ASSERTIONS = NO;
				ENABLE_STRICT_OBJC_MSGSEND = YES;
				GCC_C_LANGUAGE_STANDARD = gnu11;
				GCC_NO_COMMON_BLOCKS = YES;
				GCC_WARN_64_TO_32_BIT_CONVERSION = YES;
				GCC_WARN_ABOUT_RETURN_TYPE = YES_ERROR;
				GCC_WARN_UNDECLARED_SELECTOR = YES;
				GCC_WARN_UNINITIALIZED_AUTOS = YES_AGGRESSIVE;
				GCC_WARN_UNUSED_FUNCTION = YES;
				GCC_WARN_UNUSED_VARIABLE = YES;
				IPHONEOS_DEPLOYMENT_TARGET = 13.4;
				MTL_ENABLE_DEBUG_INFO = NO;
				MTL_FAST_MATH = YES;
				SDKROOT = iphoneos;
				SWIFT_COMPILATION_MODE = wholemodule;
				SWIFT_OPTIMIZATION_LEVEL = "-O";
				VALIDATE_PRODUCT = YES;
			};
			name = Release;
		};
		10BB10F1243C0B9A001082FE /* Debug */ = {
			isa = XCBuildConfiguration;
			buildSettings = {
				ASSETCATALOG_COMPILER_APPICON_NAME = AppIcon;
				CODE_SIGN_STYLE = Automatic;
				DEVELOPMENT_TEAM = 5Q7X663MJ7;
				INFOPLIST_FILE = WeatherApp/Info.plist;
				IPHONEOS_DEPLOYMENT_TARGET = 13.0;
				LD_RUNPATH_SEARCH_PATHS = (
					"$(inherited)",
					"@executable_path/Frameworks",
				);
				PRODUCT_BUNDLE_IDENTIFIER = com.haile.WeatherApp;
				PRODUCT_NAME = "$(TARGET_NAME)";
				SWIFT_VERSION = 5.0;
				TARGETED_DEVICE_FAMILY = "1,2";
			};
			name = Debug;
		};
		10BB10F2243C0B9A001082FE /* Release */ = {
			isa = XCBuildConfiguration;
			buildSettings = {
				ASSETCATALOG_COMPILER_APPICON_NAME = AppIcon;
				CODE_SIGN_STYLE = Automatic;
				DEVELOPMENT_TEAM = 5Q7X663MJ7;
				INFOPLIST_FILE = WeatherApp/Info.plist;
				IPHONEOS_DEPLOYMENT_TARGET = 13.0;
				LD_RUNPATH_SEARCH_PATHS = (
					"$(inherited)",
					"@executable_path/Frameworks",
				);
				PRODUCT_BUNDLE_IDENTIFIER = com.haile.WeatherApp;
				PRODUCT_NAME = "$(TARGET_NAME)";
				SWIFT_VERSION = 5.0;
				TARGETED_DEVICE_FAMILY = "1,2";
			};
			name = Release;
		};
		10BB10F4243C0B9A001082FE /* Debug */ = {
			isa = XCBuildConfiguration;
			buildSettings = {
				ALWAYS_EMBED_SWIFT_STANDARD_LIBRARIES = YES;
				BUNDLE_LOADER = "$(TEST_HOST)";
				CODE_SIGN_STYLE = Automatic;
				INFOPLIST_FILE = WeatherAppTests/Info.plist;
				IPHONEOS_DEPLOYMENT_TARGET = 13.0;
				LD_RUNPATH_SEARCH_PATHS = (
					"$(inherited)",
					"@executable_path/Frameworks",
					"@loader_path/Frameworks",
				);
				PRODUCT_BUNDLE_IDENTIFIER = com.haile.WeatherAppTests;
				PRODUCT_NAME = "$(TARGET_NAME)";
				SWIFT_VERSION = 5.0;
				TARGETED_DEVICE_FAMILY = "1,2";
				TEST_HOST = "$(BUILT_PRODUCTS_DIR)/WeatherApp.app/WeatherApp";
			};
			name = Debug;
		};
		10BB10F5243C0B9A001082FE /* Release */ = {
			isa = XCBuildConfiguration;
			buildSettings = {
				ALWAYS_EMBED_SWIFT_STANDARD_LIBRARIES = YES;
				BUNDLE_LOADER = "$(TEST_HOST)";
				CODE_SIGN_STYLE = Automatic;
				INFOPLIST_FILE = WeatherAppTests/Info.plist;
				IPHONEOS_DEPLOYMENT_TARGET = 13.0;
				LD_RUNPATH_SEARCH_PATHS = (
					"$(inherited)",
					"@executable_path/Frameworks",
					"@loader_path/Frameworks",
				);
				PRODUCT_BUNDLE_IDENTIFIER = com.haile.WeatherAppTests;
				PRODUCT_NAME = "$(TARGET_NAME)";
				SWIFT_VERSION = 5.0;
				TARGETED_DEVICE_FAMILY = "1,2";
				TEST_HOST = "$(BUILT_PRODUCTS_DIR)/WeatherApp.app/WeatherApp";
			};
			name = Release;
		};
/* End XCBuildConfiguration section */

/* Begin XCConfigurationList section */
		10BB10C1243C0B96001082FE /* Build configuration list for PBXProject "WeatherApp" */ = {
			isa = XCConfigurationList;
			buildConfigurations = (
				10BB10EE243C0B9A001082FE /* Debug */,
				10BB10EF243C0B9A001082FE /* Release */,
			);
			defaultConfigurationIsVisible = 0;
			defaultConfigurationName = Release;
		};
		10BB10F0243C0B9A001082FE /* Build configuration list for PBXNativeTarget "WeatherApp" */ = {
			isa = XCConfigurationList;
			buildConfigurations = (
				10BB10F1243C0B9A001082FE /* Debug */,
				10BB10F2243C0B9A001082FE /* Release */,
			);
			defaultConfigurationIsVisible = 0;
			defaultConfigurationName = Release;
		};
		10BB10F3243C0B9A001082FE /* Build configuration list for PBXNativeTarget "WeatherAppTests" */ = {
			isa = XCConfigurationList;
			buildConfigurations = (
				10BB10F4243C0B9A001082FE /* Debug */,
				10BB10F5243C0B9A001082FE /* Release */,
			);
			defaultConfigurationIsVisible = 0;
			defaultConfigurationName = Release;
		};
/* End XCConfigurationList section */

/* Begin XCVersionGroup section */
		10BB1105243C13A8001082FE /* WeatherApp.xcdatamodeld */ = {
			isa = XCVersionGroup;
			children = (
				10BB1106243C13A8001082FE /* WeatherApp.xcdatamodel */,
			);
			currentVersion = 10BB1106243C13A8001082FE /* WeatherApp.xcdatamodel */;
			path = WeatherApp.xcdatamodeld;
			sourceTree = "<group>";
			versionGroupType = wrapper.xcdatamodel;
		};
/* End XCVersionGroup section */
	};
	rootObject = 10BB10BE243C0B96001082FE /* Project object */;
}
